// !$*UTF8*$!
{
	archiveVersion = 1;
	classes = {
	};
	objectVersion = 46;
	objects = {

/* Begin PBXBuildFile section */
		8208F8501B0B297800E4917B /* main.m in Sources */ = {isa = PBXBuildFile; fileRef = 8208F84F1B0B297800E4917B /* main.m */; };
		8208F8531B0B297800E4917B /* AppDelegate.m in Sources */ = {isa = PBXBuildFile; fileRef = 8208F8521B0B297800E4917B /* AppDelegate.m */; };
		8208F8561B0B297800E4917B /* RentApartments_HWV.xcdatamodeld in Sources */ = {isa = PBXBuildFile; fileRef = 8208F8541B0B297800E4917B /* RentApartments_HWV.xcdatamodeld */; };
		8208F85C1B0B297800E4917B /* Main.storyboard in Resources */ = {isa = PBXBuildFile; fileRef = 8208F85A1B0B297800E4917B /* Main.storyboard */; };
		8208F85E1B0B297800E4917B /* Images.xcassets in Resources */ = {isa = PBXBuildFile; fileRef = 8208F85D1B0B297800E4917B /* Images.xcassets */; };
		8208F8611B0B297800E4917B /* LaunchScreen.xib in Resources */ = {isa = PBXBuildFile; fileRef = 8208F85F1B0B297800E4917B /* LaunchScreen.xib */; };
		8208F86D1B0B297800E4917B /* RentApartments_HWVTests.m in Sources */ = {isa = PBXBuildFile; fileRef = 8208F86C1B0B297800E4917B /* RentApartments_HWVTests.m */; };
		825F940F1B0B5AE0000D8153 /* LoginViewController.m in Sources */ = {isa = PBXBuildFile; fileRef = 825F940E1B0B5AE0000D8153 /* LoginViewController.m */; };
		825F94121B0B5AF3000D8153 /* RegisterViewController.m in Sources */ = {isa = PBXBuildFile; fileRef = 825F94111B0B5AF3000D8153 /* RegisterViewController.m */; };
		825F94151B0B826D000D8153 /* RentApartmentsController.m in Sources */ = {isa = PBXBuildFile; fileRef = 825F94141B0B826D000D8153 /* RentApartmentsController.m */; };
		825F94191B0B8683000D8153 /* NSString+Validation.m in Sources */ = {isa = PBXBuildFile; fileRef = 825F94181B0B8683000D8153 /* NSString+Validation.m */; };
		825F941C1B0B896B000D8153 /* RentApartmentCoreDataController.m in Sources */ = {isa = PBXBuildFile; fileRef = 825F941B1B0B896B000D8153 /* RentApartmentCoreDataController.m */; };
		825F94261B0B99A3000D8153 /* UserModel.m in Sources */ = {isa = PBXBuildFile; fileRef = 825F94251B0B99A3000D8153 /* UserModel.m */; };
		825F942F1B0BB6F9000D8153 /* ApartmentModel.m in Sources */ = {isa = PBXBuildFile; fileRef = 825F942E1B0BB6F9000D8153 /* ApartmentModel.m */; };
		82F078771B0C8107000EB7A9 /* Quarter.m in Sources */ = {isa = PBXBuildFile; fileRef = 82F078761B0C8107000EB7A9 /* Quarter.m */; };
		82F0787A1B0C8108000EB7A9 /* User.m in Sources */ = {isa = PBXBuildFile; fileRef = 82F078791B0C8108000EB7A9 /* User.m */; };
		82F0787D1B0C8108000EB7A9 /* City.m in Sources */ = {isa = PBXBuildFile; fileRef = 82F0787C1B0C8108000EB7A9 /* City.m */; };
		82F078801B0C8108000EB7A9 /* Apartment.m in Sources */ = {isa = PBXBuildFile; fileRef = 82F0787F1B0C8108000EB7A9 /* Apartment.m */; };
		82F078831B0C8108000EB7A9 /* ApartamentType.m in Sources */ = {isa = PBXBuildFile; fileRef = 82F078821B0C8108000EB7A9 /* ApartamentType.m */; };
		82F078861B0C8108000EB7A9 /* Comment.m in Sources */ = {isa = PBXBuildFile; fileRef = 82F078851B0C8108000EB7A9 /* Comment.m */; };
		82F078891B0C8343000EB7A9 /* AddApartmentViewController.m in Sources */ = {isa = PBXBuildFile; fileRef = 82F078881B0C8343000EB7A9 /* AddApartmentViewController.m */; };
		82F0788C1B0CB726000EB7A9 /* ApartmentDetailsViewController.m in Sources */ = {isa = PBXBuildFile; fileRef = 82F0788B1B0CB726000EB7A9 /* ApartmentDetailsViewController.m */; };
		82F0788F1B0CBCC0000EB7A9 /* CommentTableViewCell.m in Sources */ = {isa = PBXBuildFile; fileRef = 82F0788E1B0CBCC0000EB7A9 /* CommentTableViewCell.m */; };
		82F078921B0CBE66000EB7A9 /* CommentsViewController.m in Sources */ = {isa = PBXBuildFile; fileRef = 82F078911B0CBE66000EB7A9 /* CommentsViewController.m */; };
		82F078961B0CCCDA000EB7A9 /* apartment2.jpg in Resources */ = {isa = PBXBuildFile; fileRef = 82F078931B0CCCDA000EB7A9 /* apartment2.jpg */; };
		82F078971B0CCCDA000EB7A9 /* apartment3.jpg in Resources */ = {isa = PBXBuildFile; fileRef = 82F078941B0CCCDA000EB7A9 /* apartment3.jpg */; };
		82F078981B0CCCDA000EB7A9 /* apartment4.jpg in Resources */ = {isa = PBXBuildFile; fileRef = 82F078951B0CCCDA000EB7A9 /* apartment4.jpg */; };
		82F8D2E31B0BD60C000BE253 /* ApartmentCollectionViewCell.m in Sources */ = {isa = PBXBuildFile; fileRef = 82F8D2E21B0BD60C000BE253 /* ApartmentCollectionViewCell.m */; };
		82F8D2E61B0BD6C7000BE253 /* apartment.jpeg in Resources */ = {isa = PBXBuildFile; fileRef = 82F8D2E51B0BD6C7000BE253 /* apartment.jpeg */; };
		82F8D2EC1B0BD9B1000BE253 /* AllApartmentsCollectionViewController.m in Sources */ = {isa = PBXBuildFile; fileRef = 82F8D2EB1B0BD9B1000BE253 /* AllApartmentsCollectionViewController.m */; };
		82F8D2EF1B0BF7B6000BE253 /* SearchViewController.m in Sources */ = {isa = PBXBuildFile; fileRef = 82F8D2EE1B0BF7B6000BE253 /* SearchViewController.m */; };
/* End PBXBuildFile section */

/* Begin PBXContainerItemProxy section */
		8208F8671B0B297800E4917B /* PBXContainerItemProxy */ = {
			isa = PBXContainerItemProxy;
			containerPortal = 8208F8421B0B297800E4917B /* Project object */;
			proxyType = 1;
			remoteGlobalIDString = 8208F8491B0B297800E4917B;
			remoteInfo = "RentApartments-HWV";
		};
/* End PBXContainerItemProxy section */

/* Begin PBXFileReference section */
		8208F84A1B0B297800E4917B /* RentApartments-HWV.app */ = {isa = PBXFileReference; explicitFileType = wrapper.application; includeInIndex = 0; path = "RentApartments-HWV.app"; sourceTree = BUILT_PRODUCTS_DIR; };
		8208F84E1B0B297800E4917B /* Info.plist */ = {isa = PBXFileReference; lastKnownFileType = text.plist.xml; path = Info.plist; sourceTree = "<group>"; };
		8208F84F1B0B297800E4917B /* main.m */ = {isa = PBXFileReference; lastKnownFileType = sourcecode.c.objc; path = main.m; sourceTree = "<group>"; };
		8208F8511B0B297800E4917B /* AppDelegate.h */ = {isa = PBXFileReference; lastKnownFileType = sourcecode.c.h; path = AppDelegate.h; sourceTree = "<group>"; };
		8208F8521B0B297800E4917B /* AppDelegate.m */ = {isa = PBXFileReference; lastKnownFileType = sourcecode.c.objc; path = AppDelegate.m; sourceTree = "<group>"; };
		8208F8551B0B297800E4917B /* RentApartments_HWV.xcdatamodel */ = {isa = PBXFileReference; lastKnownFileType = wrapper.xcdatamodel; path = RentApartments_HWV.xcdatamodel; sourceTree = "<group>"; };
		8208F85B1B0B297800E4917B /* Base */ = {isa = PBXFileReference; lastKnownFileType = file.storyboard; name = Base; path = Base.lproj/Main.storyboard; sourceTree = "<group>"; };
		8208F85D1B0B297800E4917B /* Images.xcassets */ = {isa = PBXFileReference; lastKnownFileType = folder.assetcatalog; path = Images.xcassets; sourceTree = "<group>"; };
		8208F8601B0B297800E4917B /* Base */ = {isa = PBXFileReference; lastKnownFileType = file.xib; name = Base; path = Base.lproj/LaunchScreen.xib; sourceTree = "<group>"; };
		8208F8661B0B297800E4917B /* RentApartments-HWVTests.xctest */ = {isa = PBXFileReference; explicitFileType = wrapper.cfbundle; includeInIndex = 0; path = "RentApartments-HWVTests.xctest"; sourceTree = BUILT_PRODUCTS_DIR; };
		8208F86B1B0B297800E4917B /* Info.plist */ = {isa = PBXFileReference; lastKnownFileType = text.plist.xml; path = Info.plist; sourceTree = "<group>"; };
		8208F86C1B0B297800E4917B /* RentApartments_HWVTests.m */ = {isa = PBXFileReference; lastKnownFileType = sourcecode.c.objc; path = RentApartments_HWVTests.m; sourceTree = "<group>"; };
		825F940D1B0B5AE0000D8153 /* LoginViewController.h */ = {isa = PBXFileReference; fileEncoding = 4; lastKnownFileType = sourcecode.c.h; path = LoginViewController.h; sourceTree = "<group>"; };
		825F940E1B0B5AE0000D8153 /* LoginViewController.m */ = {isa = PBXFileReference; fileEncoding = 4; lastKnownFileType = sourcecode.c.objc; path = LoginViewController.m; sourceTree = "<group>"; };
		825F94101B0B5AF3000D8153 /* RegisterViewController.h */ = {isa = PBXFileReference; fileEncoding = 4; lastKnownFileType = sourcecode.c.h; path = RegisterViewController.h; sourceTree = "<group>"; };
		825F94111B0B5AF3000D8153 /* RegisterViewController.m */ = {isa = PBXFileReference; fileEncoding = 4; lastKnownFileType = sourcecode.c.objc; path = RegisterViewController.m; sourceTree = "<group>"; };
		825F94131B0B826D000D8153 /* RentApartmentsController.h */ = {isa = PBXFileReference; fileEncoding = 4; lastKnownFileType = sourcecode.c.h; path = RentApartmentsController.h; sourceTree = "<group>"; };
		825F94141B0B826D000D8153 /* RentApartmentsController.m */ = {isa = PBXFileReference; fileEncoding = 4; lastKnownFileType = sourcecode.c.objc; path = RentApartmentsController.m; sourceTree = "<group>"; };
		825F94171B0B8683000D8153 /* NSString+Validation.h */ = {isa = PBXFileReference; fileEncoding = 4; lastKnownFileType = sourcecode.c.h; path = "NSString+Validation.h"; sourceTree = "<group>"; };
		825F94181B0B8683000D8153 /* NSString+Validation.m */ = {isa = PBXFileReference; fileEncoding = 4; lastKnownFileType = sourcecode.c.objc; path = "NSString+Validation.m"; sourceTree = "<group>"; };
		825F941A1B0B896B000D8153 /* RentApartmentCoreDataController.h */ = {isa = PBXFileReference; fileEncoding = 4; lastKnownFileType = sourcecode.c.h; path = RentApartmentCoreDataController.h; sourceTree = "<group>"; };
		825F941B1B0B896B000D8153 /* RentApartmentCoreDataController.m */ = {isa = PBXFileReference; fileEncoding = 4; lastKnownFileType = sourcecode.c.objc; path = RentApartmentCoreDataController.m; sourceTree = "<group>"; };
		825F94241B0B99A3000D8153 /* UserModel.h */ = {isa = PBXFileReference; fileEncoding = 4; lastKnownFileType = sourcecode.c.h; path = UserModel.h; sourceTree = "<group>"; };
		825F94251B0B99A3000D8153 /* UserModel.m */ = {isa = PBXFileReference; fileEncoding = 4; lastKnownFileType = sourcecode.c.objc; path = UserModel.m; sourceTree = "<group>"; };
		825F942D1B0BB6F9000D8153 /* ApartmentModel.h */ = {isa = PBXFileReference; fileEncoding = 4; lastKnownFileType = sourcecode.c.h; path = ApartmentModel.h; sourceTree = "<group>"; };
		825F942E1B0BB6F9000D8153 /* ApartmentModel.m */ = {isa = PBXFileReference; fileEncoding = 4; lastKnownFileType = sourcecode.c.objc; path = ApartmentModel.m; sourceTree = "<group>"; };
		82F078751B0C8107000EB7A9 /* Quarter.h */ = {isa = PBXFileReference; fileEncoding = 4; lastKnownFileType = sourcecode.c.h; path = Quarter.h; sourceTree = "<group>"; };
		82F078761B0C8107000EB7A9 /* Quarter.m */ = {isa = PBXFileReference; fileEncoding = 4; lastKnownFileType = sourcecode.c.objc; path = Quarter.m; sourceTree = "<group>"; };
		82F078781B0C8108000EB7A9 /* User.h */ = {isa = PBXFileReference; fileEncoding = 4; lastKnownFileType = sourcecode.c.h; path = User.h; sourceTree = "<group>"; };
		82F078791B0C8108000EB7A9 /* User.m */ = {isa = PBXFileReference; fileEncoding = 4; lastKnownFileType = sourcecode.c.objc; path = User.m; sourceTree = "<group>"; };
		82F0787B1B0C8108000EB7A9 /* City.h */ = {isa = PBXFileReference; fileEncoding = 4; lastKnownFileType = sourcecode.c.h; path = City.h; sourceTree = "<group>"; };
		82F0787C1B0C8108000EB7A9 /* City.m */ = {isa = PBXFileReference; fileEncoding = 4; lastKnownFileType = sourcecode.c.objc; path = City.m; sourceTree = "<group>"; };
		82F0787E1B0C8108000EB7A9 /* Apartment.h */ = {isa = PBXFileReference; fileEncoding = 4; lastKnownFileType = sourcecode.c.h; path = Apartment.h; sourceTree = "<group>"; };
		82F0787F1B0C8108000EB7A9 /* Apartment.m */ = {isa = PBXFileReference; fileEncoding = 4; lastKnownFileType = sourcecode.c.objc; path = Apartment.m; sourceTree = "<group>"; };
		82F078811B0C8108000EB7A9 /* ApartamentType.h */ = {isa = PBXFileReference; fileEncoding = 4; lastKnownFileType = sourcecode.c.h; path = ApartamentType.h; sourceTree = "<group>"; };
		82F078821B0C8108000EB7A9 /* ApartamentType.m */ = {isa = PBXFileReference; fileEncoding = 4; lastKnownFileType = sourcecode.c.objc; path = ApartamentType.m; sourceTree = "<group>"; };
		82F078841B0C8108000EB7A9 /* Comment.h */ = {isa = PBXFileReference; fileEncoding = 4; lastKnownFileType = sourcecode.c.h; path = Comment.h; sourceTree = "<group>"; };
		82F078851B0C8108000EB7A9 /* Comment.m */ = {isa = PBXFileReference; fileEncoding = 4; lastKnownFileType = sourcecode.c.objc; path = Comment.m; sourceTree = "<group>"; };
		82F078871B0C8343000EB7A9 /* AddApartmentViewController.h */ = {isa = PBXFileReference; fileEncoding = 4; lastKnownFileType = sourcecode.c.h; path = AddApartmentViewController.h; sourceTree = "<group>"; };
		82F078881B0C8343000EB7A9 /* AddApartmentViewController.m */ = {isa = PBXFileReference; fileEncoding = 4; lastKnownFileType = sourcecode.c.objc; path = AddApartmentViewController.m; sourceTree = "<group>"; };
		82F0788A1B0CB726000EB7A9 /* ApartmentDetailsViewController.h */ = {isa = PBXFileReference; fileEncoding = 4; lastKnownFileType = sourcecode.c.h; path = ApartmentDetailsViewController.h; sourceTree = "<group>"; };
		82F0788B1B0CB726000EB7A9 /* ApartmentDetailsViewController.m */ = {isa = PBXFileReference; fileEncoding = 4; lastKnownFileType = sourcecode.c.objc; path = ApartmentDetailsViewController.m; sourceTree = "<group>"; };
		82F0788D1B0CBCC0000EB7A9 /* CommentTableViewCell.h */ = {isa = PBXFileReference; fileEncoding = 4; lastKnownFileType = sourcecode.c.h; path = CommentTableViewCell.h; sourceTree = "<group>"; };
		82F0788E1B0CBCC0000EB7A9 /* CommentTableViewCell.m */ = {isa = PBXFileReference; fileEncoding = 4; lastKnownFileType = sourcecode.c.objc; path = CommentTableViewCell.m; sourceTree = "<group>"; };
		82F078901B0CBE66000EB7A9 /* CommentsViewController.h */ = {isa = PBXFileReference; fileEncoding = 4; lastKnownFileType = sourcecode.c.h; path = CommentsViewController.h; sourceTree = "<group>"; };
		82F078911B0CBE66000EB7A9 /* CommentsViewController.m */ = {isa = PBXFileReference; fileEncoding = 4; lastKnownFileType = sourcecode.c.objc; path = CommentsViewController.m; sourceTree = "<group>"; };
		82F078931B0CCCDA000EB7A9 /* apartment2.jpg */ = {isa = PBXFileReference; lastKnownFileType = image.jpeg; path = apartment2.jpg; sourceTree = "<group>"; };
		82F078941B0CCCDA000EB7A9 /* apartment3.jpg */ = {isa = PBXFileReference; lastKnownFileType = image.jpeg; path = apartment3.jpg; sourceTree = "<group>"; };
		82F078951B0CCCDA000EB7A9 /* apartment4.jpg */ = {isa = PBXFileReference; lastKnownFileType = image.jpeg; path = apartment4.jpg; sourceTree = "<group>"; };
		82F8D2E11B0BD60C000BE253 /* ApartmentCollectionViewCell.h */ = {isa = PBXFileReference; fileEncoding = 4; lastKnownFileType = sourcecode.c.h; path = ApartmentCollectionViewCell.h; sourceTree = "<group>"; };
		82F8D2E21B0BD60C000BE253 /* ApartmentCollectionViewCell.m */ = {isa = PBXFileReference; fileEncoding = 4; lastKnownFileType = sourcecode.c.objc; path = ApartmentCollectionViewCell.m; sourceTree = "<group>"; };
		82F8D2E51B0BD6C7000BE253 /* apartment.jpeg */ = {isa = PBXFileReference; lastKnownFileType = image.jpeg; path = apartment.jpeg; sourceTree = "<group>"; };
		82F8D2EA1B0BD9B1000BE253 /* AllApartmentsCollectionViewController.h */ = {isa = PBXFileReference; fileEncoding = 4; lastKnownFileType = sourcecode.c.h; name = AllApartmentsCollectionViewController.h; path = ../Controllers/AllApartmentsCollectionViewController.h; sourceTree = "<group>"; };
		82F8D2EB1B0BD9B1000BE253 /* AllApartmentsCollectionViewController.m */ = {isa = PBXFileReference; fileEncoding = 4; lastKnownFileType = sourcecode.c.objc; name = AllApartmentsCollectionViewController.m; path = ../Controllers/AllApartmentsCollectionViewController.m; sourceTree = "<group>"; };
		82F8D2ED1B0BF7B6000BE253 /* SearchViewController.h */ = {isa = PBXFileReference; fileEncoding = 4; lastKnownFileType = sourcecode.c.h; path = SearchViewController.h; sourceTree = "<group>"; };
		82F8D2EE1B0BF7B6000BE253 /* SearchViewController.m */ = {isa = PBXFileReference; fileEncoding = 4; lastKnownFileType = sourcecode.c.objc; path = SearchViewController.m; sourceTree = "<group>"; };
/* End PBXFileReference section */

/* Begin PBXFrameworksBuildPhase section */
		8208F8471B0B297800E4917B /* Frameworks */ = {
			isa = PBXFrameworksBuildPhase;
			buildActionMask = 2147483647;
			files = (
			);
			runOnlyForDeploymentPostprocessing = 0;
		};
		8208F8631B0B297800E4917B /* Frameworks */ = {
			isa = PBXFrameworksBuildPhase;
			buildActionMask = 2147483647;
			files = (
			);
			runOnlyForDeploymentPostprocessing = 0;
		};
/* End PBXFrameworksBuildPhase section */

/* Begin PBXGroup section */
		8208F8411B0B297800E4917B = {
			isa = PBXGroup;
			children = (
				8208F84C1B0B297800E4917B /* RentApartments-HWV */,
				8208F8691B0B297800E4917B /* RentApartments-HWVTests */,
				8208F84B1B0B297800E4917B /* Products */,
			);
			sourceTree = "<group>";
		};
		8208F84B1B0B297800E4917B /* Products */ = {
			isa = PBXGroup;
			children = (
				8208F84A1B0B297800E4917B /* RentApartments-HWV.app */,
				8208F8661B0B297800E4917B /* RentApartments-HWVTests.xctest */,
			);
			name = Products;
			sourceTree = "<group>";
		};
		8208F84C1B0B297800E4917B /* RentApartments-HWV */ = {
			isa = PBXGroup;
			children = (
				82F8D2E41B0BD6BB000BE253 /* Images */,
				82F8D2E01B0BD5BD000BE253 /* ViewModels */,
				82F8D2D01B0BC021000BE253 /* NSManagedObjectModels */,
				825F94161B0B866D000D8153 /* Extensions */,
				8208F8761B0B2B3800E4917B /* Controllers */,
				8208F8771B0B2B3800E4917B /* Models */,
				8208F8781B0B2B3800E4917B /* ViewControllers */,
				8208F8511B0B297800E4917B /* AppDelegate.h */,
				8208F8521B0B297800E4917B /* AppDelegate.m */,
				8208F85A1B0B297800E4917B /* Main.storyboard */,
				8208F85D1B0B297800E4917B /* Images.xcassets */,
				8208F85F1B0B297800E4917B /* LaunchScreen.xib */,
				8208F8541B0B297800E4917B /* RentApartments_HWV.xcdatamodeld */,
				8208F84D1B0B297800E4917B /* Supporting Files */,
			);
			path = "RentApartments-HWV";
			sourceTree = "<group>";
		};
		8208F84D1B0B297800E4917B /* Supporting Files */ = {
			isa = PBXGroup;
			children = (
				8208F84E1B0B297800E4917B /* Info.plist */,
				8208F84F1B0B297800E4917B /* main.m */,
			);
			name = "Supporting Files";
			sourceTree = "<group>";
		};
		8208F8691B0B297800E4917B /* RentApartments-HWVTests */ = {
			isa = PBXGroup;
			children = (
				8208F86C1B0B297800E4917B /* RentApartments_HWVTests.m */,
				8208F86A1B0B297800E4917B /* Supporting Files */,
			);
			path = "RentApartments-HWVTests";
			sourceTree = "<group>";
		};
		8208F86A1B0B297800E4917B /* Supporting Files */ = {
			isa = PBXGroup;
			children = (
				8208F86B1B0B297800E4917B /* Info.plist */,
			);
			name = "Supporting Files";
			sourceTree = "<group>";
		};
		8208F8761B0B2B3800E4917B /* Controllers */ = {
			isa = PBXGroup;
			children = (
				825F94131B0B826D000D8153 /* RentApartmentsController.h */,
				825F94141B0B826D000D8153 /* RentApartmentsController.m */,
				825F941A1B0B896B000D8153 /* RentApartmentCoreDataController.h */,
				825F941B1B0B896B000D8153 /* RentApartmentCoreDataController.m */,
			);
			path = Controllers;
			sourceTree = "<group>";
		};
		8208F8771B0B2B3800E4917B /* Models */ = {
			isa = PBXGroup;
			children = (
				825F94241B0B99A3000D8153 /* UserModel.h */,
				825F94251B0B99A3000D8153 /* UserModel.m */,
				825F942D1B0BB6F9000D8153 /* ApartmentModel.h */,
				825F942E1B0BB6F9000D8153 /* ApartmentModel.m */,
			);
			path = Models;
			sourceTree = "<group>";
		};
		8208F8781B0B2B3800E4917B /* ViewControllers */ = {
			isa = PBXGroup;
			children = (
				82F8D2EA1B0BD9B1000BE253 /* AllApartmentsCollectionViewController.h */,
				82F8D2EB1B0BD9B1000BE253 /* AllApartmentsCollectionViewController.m */,
				825F940D1B0B5AE0000D8153 /* LoginViewController.h */,
				825F940E1B0B5AE0000D8153 /* LoginViewController.m */,
				825F94101B0B5AF3000D8153 /* RegisterViewController.h */,
				825F94111B0B5AF3000D8153 /* RegisterViewController.m */,
				82F8D2ED1B0BF7B6000BE253 /* SearchViewController.h */,
				82F8D2EE1B0BF7B6000BE253 /* SearchViewController.m */,
				82F078871B0C8343000EB7A9 /* AddApartmentViewController.h */,
				82F078881B0C8343000EB7A9 /* AddApartmentViewController.m */,
				82F0788A1B0CB726000EB7A9 /* ApartmentDetailsViewController.h */,
				82F0788B1B0CB726000EB7A9 /* ApartmentDetailsViewController.m */,
				82F078901B0CBE66000EB7A9 /* CommentsViewController.h */,
				82F078911B0CBE66000EB7A9 /* CommentsViewController.m */,
			);
			path = ViewControllers;
			sourceTree = "<group>";
		};
		825F94161B0B866D000D8153 /* Extensions */ = {
			isa = PBXGroup;
			children = (
				825F94171B0B8683000D8153 /* NSString+Validation.h */,
				825F94181B0B8683000D8153 /* NSString+Validation.m */,
			);
			path = Extensions;
			sourceTree = "<group>";
		};
		82F8D2D01B0BC021000BE253 /* NSManagedObjectModels */ = {
			isa = PBXGroup;
			children = (
				82F078841B0C8108000EB7A9 /* Comment.h */,
				82F078851B0C8108000EB7A9 /* Comment.m */,
				82F078811B0C8108000EB7A9 /* ApartamentType.h */,
				82F078821B0C8108000EB7A9 /* ApartamentType.m */,
				82F0787E1B0C8108000EB7A9 /* Apartment.h */,
				82F0787F1B0C8108000EB7A9 /* Apartment.m */,
				82F0787B1B0C8108000EB7A9 /* City.h */,
				82F0787C1B0C8108000EB7A9 /* City.m */,
				82F078781B0C8108000EB7A9 /* User.h */,
				82F078791B0C8108000EB7A9 /* User.m */,
				82F078751B0C8107000EB7A9 /* Quarter.h */,
				82F078761B0C8107000EB7A9 /* Quarter.m */,
			);
			path = NSManagedObjectModels;
			sourceTree = "<group>";
		};
		82F8D2E01B0BD5BD000BE253 /* ViewModels */ = {
			isa = PBXGroup;
			children = (
				82F8D2E11B0BD60C000BE253 /* ApartmentCollectionViewCell.h */,
				82F8D2E21B0BD60C000BE253 /* ApartmentCollectionViewCell.m */,
				82F0788D1B0CBCC0000EB7A9 /* CommentTableViewCell.h */,
				82F0788E1B0CBCC0000EB7A9 /* CommentTableViewCell.m */,
			);
			path = ViewModels;
			sourceTree = "<group>";
		};
		82F8D2E41B0BD6BB000BE253 /* Images */ = {
			isa = PBXGroup;
			children = (
				82F8D2E51B0BD6C7000BE253 /* apartment.jpeg */,
				82F078931B0CCCDA000EB7A9 /* apartment2.jpg */,
				82F078941B0CCCDA000EB7A9 /* apartment3.jpg */,
				82F078951B0CCCDA000EB7A9 /* apartment4.jpg */,
			);
			path = Images;
			sourceTree = "<group>";
		};
/* End PBXGroup section */

/* Begin PBXNativeTarget section */
		8208F8491B0B297800E4917B /* RentApartments-HWV */ = {
			isa = PBXNativeTarget;
			buildConfigurationList = 8208F8701B0B297800E4917B /* Build configuration list for PBXNativeTarget "RentApartments-HWV" */;
			buildPhases = (
				8208F8461B0B297800E4917B /* Sources */,
				8208F8471B0B297800E4917B /* Frameworks */,
				8208F8481B0B297800E4917B /* Resources */,
			);
			buildRules = (
			);
			dependencies = (
			);
			name = "RentApartments-HWV";
			productName = "RentApartments-HWV";
			productReference = 8208F84A1B0B297800E4917B /* RentApartments-HWV.app */;
			productType = "com.apple.product-type.application";
		};
		8208F8651B0B297800E4917B /* RentApartments-HWVTests */ = {
			isa = PBXNativeTarget;
			buildConfigurationList = 8208F8731B0B297800E4917B /* Build configuration list for PBXNativeTarget "RentApartments-HWVTests" */;
			buildPhases = (
				8208F8621B0B297800E4917B /* Sources */,
				8208F8631B0B297800E4917B /* Frameworks */,
				8208F8641B0B297800E4917B /* Resources */,
			);
			buildRules = (
			);
			dependencies = (
				8208F8681B0B297800E4917B /* PBXTargetDependency */,
			);
			name = "RentApartments-HWVTests";
			productName = "RentApartments-HWVTests";
			productReference = 8208F8661B0B297800E4917B /* RentApartments-HWVTests.xctest */;
			productType = "com.apple.product-type.bundle.unit-test";
		};
/* End PBXNativeTarget section */

/* Begin PBXProject section */
		8208F8421B0B297800E4917B /* Project object */ = {
			isa = PBXProject;
			attributes = {
				LastUpgradeCheck = 0630;
				ORGANIZATIONNAME = plt3ch;
				TargetAttributes = {
					8208F8491B0B297800E4917B = {
						CreatedOnToolsVersion = 6.3;
					};
					8208F8651B0B297800E4917B = {
						CreatedOnToolsVersion = 6.3;
						TestTargetID = 8208F8491B0B297800E4917B;
					};
				};
			};
			buildConfigurationList = 8208F8451B0B297800E4917B /* Build configuration list for PBXProject "RentApartments-HWV" */;
			compatibilityVersion = "Xcode 3.2";
			developmentRegion = English;
			hasScannedForEncodings = 0;
			knownRegions = (
				en,
				Base,
			);
			mainGroup = 8208F8411B0B297800E4917B;
			productRefGroup = 8208F84B1B0B297800E4917B /* Products */;
			projectDirPath = "";
			projectRoot = "";
			targets = (
				8208F8491B0B297800E4917B /* RentApartments-HWV */,
				8208F8651B0B297800E4917B /* RentApartments-HWVTests */,
			);
		};
/* End PBXProject section */

/* Begin PBXResourcesBuildPhase section */
		8208F8481B0B297800E4917B /* Resources */ = {
			isa = PBXResourcesBuildPhase;
			buildActionMask = 2147483647;
			files = (
				8208F85C1B0B297800E4917B /* Main.storyboard in Resources */,
				8208F8611B0B297800E4917B /* LaunchScreen.xib in Resources */,
				82F078961B0CCCDA000EB7A9 /* apartment2.jpg in Resources */,
				82F8D2E61B0BD6C7000BE253 /* apartment.jpeg in Resources */,
				82F078971B0CCCDA000EB7A9 /* apartment3.jpg in Resources */,
				8208F85E1B0B297800E4917B /* Images.xcassets in Resources */,
				82F078981B0CCCDA000EB7A9 /* apartment4.jpg in Resources */,
			);
			runOnlyForDeploymentPostprocessing = 0;
		};
		8208F8641B0B297800E4917B /* Resources */ = {
			isa = PBXResourcesBuildPhase;
			buildActionMask = 2147483647;
			files = (
			);
			runOnlyForDeploymentPostprocessing = 0;
		};
/* End PBXResourcesBuildPhase section */

/* Begin PBXSourcesBuildPhase section */
		8208F8461B0B297800E4917B /* Sources */ = {
			isa = PBXSourcesBuildPhase;
			buildActionMask = 2147483647;
			files = (
				82F078801B0C8108000EB7A9 /* Apartment.m in Sources */,
				82F0787D1B0C8108000EB7A9 /* City.m in Sources */,
				82F0787A1B0C8108000EB7A9 /* User.m in Sources */,
				82F078861B0C8108000EB7A9 /* Comment.m in Sources */,
				82F8D2EC1B0BD9B1000BE253 /* AllApartmentsCollectionViewController.m in Sources */,
				825F941C1B0B896B000D8153 /* RentApartmentCoreDataController.m in Sources */,
				825F94121B0B5AF3000D8153 /* RegisterViewController.m in Sources */,
				82F078891B0C8343000EB7A9 /* AddApartmentViewController.m in Sources */,
				82F078921B0CBE66000EB7A9 /* CommentsViewController.m in Sources */,
				82F078771B0C8107000EB7A9 /* Quarter.m in Sources */,
				82F078831B0C8108000EB7A9 /* ApartamentType.m in Sources */,
				82F8D2EF1B0BF7B6000BE253 /* SearchViewController.m in Sources */,
				825F940F1B0B5AE0000D8153 /* LoginViewController.m in Sources */,
				825F94191B0B8683000D8153 /* NSString+Validation.m in Sources */,
				82F0788F1B0CBCC0000EB7A9 /* CommentTableViewCell.m in Sources */,
				8208F8531B0B297800E4917B /* AppDelegate.m in Sources */,
				825F94261B0B99A3000D8153 /* UserModel.m in Sources */,
				825F942F1B0BB6F9000D8153 /* ApartmentModel.m in Sources */,
				82F8D2E31B0BD60C000BE253 /* ApartmentCollectionViewCell.m in Sources */,
				8208F8561B0B297800E4917B /* RentApartments_HWV.xcdatamodeld in Sources */,
				82F0788C1B0CB726000EB7A9 /* ApartmentDetailsViewController.m in Sources */,
				8208F8501B0B297800E4917B /* main.m in Sources */,
				825F94151B0B826D000D8153 /* RentApartmentsController.m in Sources */,
			);
			runOnlyForDeploymentPostprocessing = 0;
		};
		8208F8621B0B297800E4917B /* Sources */ = {
			isa = PBXSourcesBuildPhase;
			buildActionMask = 2147483647;
			files = (
				8208F86D1B0B297800E4917B /* RentApartments_HWVTests.m in Sources */,
			);
			runOnlyForDeploymentPostprocessing = 0;
		};
/* End PBXSourcesBuildPhase section */

/* Begin PBXTargetDependency section */
		8208F8681B0B297800E4917B /* PBXTargetDependency */ = {
			isa = PBXTargetDependency;
			target = 8208F8491B0B297800E4917B /* RentApartments-HWV */;
			targetProxy = 8208F8671B0B297800E4917B /* PBXContainerItemProxy */;
		};
/* End PBXTargetDependency section */

/* Begin PBXVariantGroup section */
		8208F85A1B0B297800E4917B /* Main.storyboard */ = {
			isa = PBXVariantGroup;
			children = (
				8208F85B1B0B297800E4917B /* Base */,
			);
			name = Main.storyboard;
			sourceTree = "<group>";
		};
		8208F85F1B0B297800E4917B /* LaunchScreen.xib */ = {
			isa = PBXVariantGroup;
			children = (
				8208F8601B0B297800E4917B /* Base */,
			);
			name = LaunchScreen.xib;
			sourceTree = "<group>";
		};
/* End PBXVariantGroup section */

/* Begin XCBuildConfiguration section */
		8208F86E1B0B297800E4917B /* Debug */ = {
			isa = XCBuildConfiguration;
			buildSettings = {
				ALWAYS_SEARCH_USER_PATHS = NO;
				CLANG_CXX_LANGUAGE_STANDARD = "gnu++0x";
				CLANG_CXX_LIBRARY = "libc++";
				CLANG_ENABLE_MODULES = YES;
				CLANG_ENABLE_OBJC_ARC = YES;
				CLANG_WARN_BOOL_CONVERSION = YES;
				CLANG_WARN_CONSTANT_CONVERSION = YES;
				CLANG_WARN_DIRECT_OBJC_ISA_USAGE = YES_ERROR;
				CLANG_WARN_EMPTY_BODY = YES;
				CLANG_WARN_ENUM_CONVERSION = YES;
				CLANG_WARN_INT_CONVERSION = YES;
				CLANG_WARN_OBJC_ROOT_CLASS = YES_ERROR;
				CLANG_WARN_UNREACHABLE_CODE = YES;
				CLANG_WARN__DUPLICATE_METHOD_MATCH = YES;
				"CODE_SIGN_IDENTITY[sdk=iphoneos*]" = "iPhone Developer";
				COPY_PHASE_STRIP = NO;
				DEBUG_INFORMATION_FORMAT = "dwarf-with-dsym";
				ENABLE_STRICT_OBJC_MSGSEND = YES;
				GCC_C_LANGUAGE_STANDARD = gnu99;
				GCC_DYNAMIC_NO_PIC = NO;
				GCC_NO_COMMON_BLOCKS = YES;
				GCC_OPTIMIZATION_LEVEL = 0;
				GCC_PREPROCESSOR_DEFINITIONS = (
					"DEBUG=1",
					"$(inherited)",
				);
				GCC_SYMBOLS_PRIVATE_EXTERN = NO;
				GCC_WARN_64_TO_32_BIT_CONVERSION = YES;
				GCC_WARN_ABOUT_RETURN_TYPE = YES_ERROR;
				GCC_WARN_UNDECLARED_SELECTOR = YES;
				GCC_WARN_UNINITIALIZED_AUTOS = YES_AGGRESSIVE;
				GCC_WARN_UNUSED_FUNCTION = YES;
				GCC_WARN_UNUSED_VARIABLE = YES;
				IPHONEOS_DEPLOYMENT_TARGET = 8.3;
				MTL_ENABLE_DEBUG_INFO = YES;
				ONLY_ACTIVE_ARCH = YES;
				SDKROOT = iphoneos;
				TARGETED_DEVICE_FAMILY = "1,2";
			};
			name = Debug;
		};
		8208F86F1B0B297800E4917B /* Release */ = {
			isa = XCBuildConfiguration;
			buildSettings = {
				ALWAYS_SEARCH_USER_PATHS = NO;
				CLANG_CXX_LANGUAGE_STANDARD = "gnu++0x";
				CLANG_CXX_LIBRARY = "libc++";
				CLANG_ENABLE_MODULES = YES;
				CLANG_ENABLE_OBJC_ARC = YES;
				CLANG_WARN_BOOL_CONVERSION = YES;
				CLANG_WARN_CONSTANT_CONVERSION = YES;
				CLANG_WARN_DIRECT_OBJC_ISA_USAGE = YES_ERROR;
				CLANG_WARN_EMPTY_BODY = YES;
				CLANG_WARN_ENUM_CONVERSION = YES;
				CLANG_WARN_INT_CONVERSION = YES;
				CLANG_WARN_OBJC_ROOT_CLASS = YES_ERROR;
				CLANG_WARN_UNREACHABLE_CODE = YES;
				CLANG_WARN__DUPLICATE_METHOD_MATCH = YES;
				"CODE_SIGN_IDENTITY[sdk=iphoneos*]" = "iPhone Developer";
				COPY_PHASE_STRIP = NO;
				DEBUG_INFORMATION_FORMAT = "dwarf-with-dsym";
				ENABLE_NS_ASSERTIONS = NO;
				ENABLE_STRICT_OBJC_MSGSEND = YES;
				GCC_C_LANGUAGE_STANDARD = gnu99;
				GCC_NO_COMMON_BLOCKS = YES;
				GCC_WARN_64_TO_32_BIT_CONVERSION = YES;
				GCC_WARN_ABOUT_RETURN_TYPE = YES_ERROR;
				GCC_WARN_UNDECLARED_SELECTOR = YES;
				GCC_WARN_UNINITIALIZED_AUTOS = YES_AGGRESSIVE;
				GCC_WARN_UNUSED_FUNCTION = YES;
				GCC_WARN_UNUSED_VARIABLE = YES;
				IPHONEOS_DEPLOYMENT_TARGET = 8.3;
				MTL_ENABLE_DEBUG_INFO = NO;
				SDKROOT = iphoneos;
				TARGETED_DEVICE_FAMILY = "1,2";
				VALIDATE_PRODUCT = YES;
			};
			name = Release;
		};
		8208F8711B0B297800E4917B /* Debug */ = {
			isa = XCBuildConfiguration;
			buildSettings = {
				ASSETCATALOG_COMPILER_APPICON_NAME = AppIcon;
				INFOPLIST_FILE = "RentApartments-HWV/Info.plist";
				LD_RUNPATH_SEARCH_PATHS = "$(inherited) @executable_path/Frameworks";
				PRODUCT_NAME = "$(TARGET_NAME)";
			};
			name = Debug;
		};
		8208F8721B0B297800E4917B /* Release */ = {
			isa = XCBuildConfiguration;
			buildSettings = {
				ASSETCATALOG_COMPILER_APPICON_NAME = AppIcon;
				INFOPLIST_FILE = "RentApartments-HWV/Info.plist";
				LD_RUNPATH_SEARCH_PATHS = "$(inherited) @executable_path/Frameworks";
				PRODUCT_NAME = "$(TARGET_NAME)";
			};
			name = Release;
		};
		8208F8741B0B297800E4917B /* Debug */ = {
			isa = XCBuildConfiguration;
			buildSettings = {
				BUNDLE_LOADER = "$(TEST_HOST)";
				FRAMEWORK_SEARCH_PATHS = (
					"$(SDKROOT)/Developer/Library/Frameworks",
					"$(inherited)",
				);
				GCC_PREPROCESSOR_DEFINITIONS = (
					"DEBUG=1",
					"$(inherited)",
				);
				INFOPLIST_FILE = "RentApartments-HWVTests/Info.plist";
				LD_RUNPATH_SEARCH_PATHS = "$(inherited) @executable_path/Frameworks @loader_path/Frameworks";
				PRODUCT_NAME = "$(TARGET_NAME)";
				TEST_HOST = "$(BUILT_PRODUCTS_DIR)/RentApartments-HWV.app/RentApartments-HWV";
			};
			name = Debug;
		};
		8208F8751B0B297800E4917B /* Release */ = {
			isa = XCBuildConfiguration;
			buildSettings = {
				BUNDLE_LOADER = "$(TEST_HOST)";
				FRAMEWORK_SEARCH_PATHS = (
					"$(SDKROOT)/Developer/Library/Frameworks",
					"$(inherited)",
				);
				INFOPLIST_FILE = "RentApartments-HWVTests/Info.plist";
				LD_RUNPATH_SEARCH_PATHS = "$(inherited) @executable_path/Frameworks @loader_path/Frameworks";
				PRODUCT_NAME = "$(TARGET_NAME)";
				TEST_HOST = "$(BUILT_PRODUCTS_DIR)/RentApartments-HWV.app/RentApartments-HWV";
			};
			name = Release;
		};
/* End XCBuildConfiguration section */

/* Begin XCConfigurationList section */
		8208F8451B0B297800E4917B /* Build configuration list for PBXProject "RentApartments-HWV" */ = {
			isa = XCConfigurationList;
			buildConfigurations = (
				8208F86E1B0B297800E4917B /* Debug */,
				8208F86F1B0B297800E4917B /* Release */,
			);
			defaultConfigurationIsVisible = 0;
			defaultConfigurationName = Release;
		};
		8208F8701B0B297800E4917B /* Build configuration list for PBXNativeTarget "RentApartments-HWV" */ = {
			isa = XCConfigurationList;
			buildConfigurations = (
				8208F8711B0B297800E4917B /* Debug */,
				8208F8721B0B297800E4917B /* Release */,
			);
			defaultConfigurationIsVisible = 0;
			defaultConfigurationName = Release;
		};
		8208F8731B0B297800E4917B /* Build configuration list for PBXNativeTarget "RentApartments-HWVTests" */ = {
			isa = XCConfigurationList;
			buildConfigurations = (
				8208F8741B0B297800E4917B /* Debug */,
				8208F8751B0B297800E4917B /* Release */,
			);
			defaultConfigurationIsVisible = 0;
			defaultConfigurationName = Release;
		};
/* End XCConfigurationList section */

/* Begin XCVersionGroup section */
		8208F8541B0B297800E4917B /* RentApartments_HWV.xcdatamodeld */ = {
			isa = XCVersionGroup;
			children = (
				8208F8551B0B297800E4917B /* RentApartments_HWV.xcdatamodel */,
			);
			currentVersion = 8208F8551B0B297800E4917B /* RentApartments_HWV.xcdatamodel */;
			path = RentApartments_HWV.xcdatamodeld;
			sourceTree = "<group>";
			versionGroupType = wrapper.xcdatamodel;
		};
/* End XCVersionGroup section */
	};
	rootObject = 8208F8421B0B297800E4917B /* Project object */;
}
